
Microsoft Visual Studio Solution File, Format Version 12.00
# Visual Studio Version 17
VisualStudioVersion = 17.8.34322.80
MinimumVisualStudioVersion = 10.0.40219.1
Project("{F184B08F-C81C-45F6-A57F-5ABD9991F28F}") = "Sinazo Zamatyala Practical Assessment", "Sinazo Zamatyala Practical Assessment.vbproj", "{2D548C3F-570B-4AD6-BDB2-8D4A10CF2E95}"
EndProject
Global
	GlobalSection(SolutionConfigurationPlatforms) = preSolution
		Debug|Any CPU = Debug|Any CPU
		Release|Any CPU = Release|Any CPU
	EndGlobalSection
	GlobalSection(ProjectConfigurationPlatforms) = postSolution
		{2D548C3F-570B-4AD6-BDB2-8D4A10CF2E95}.Debug|Any CPU.ActiveCfg = Debug|Any CPU
		{2D548C3F-570B-4AD6-BDB2-8D4A10CF2E95}.Debug|Any CPU.Build.0 = Debug|Any CPU
		{2D548C3F-570B-4AD6-BDB2-8D4A10CF2E95}.Release|Any CPU.ActiveCfg = Release|Any CPU
		{2D548C3F-570B-4AD6-BDB2-8D4A10CF2E95}.Release|Any CPU.Build.0 = Release|Any CPU
	EndGlobalSection
	GlobalSection(SolutionProperties) = preSolution
		HideSolutionNode = FALSE
	EndGlobalSection
	GlobalSection(ExtensibilityGlobals) = postSolution
		SolutionGuid = {C2A8A3E6-5DF2-4918-8702-44E6D6E35261}
	EndGlobalSection
EndGlobal
